
Microsoft Visual Studio Solution File, Format Version 12.00
# Visual Studio 14
VisualStudioVersion = 14.0.24720.0
MinimumVisualStudioVersion = 10.0.40219.1
Project("{FAE04EC0-301F-11D3-BF4B-00C04F79EFBC}") = "DmsWeb", "DmsWeb\DmsWeb.csproj", "{1F179ED3-2BC8-4370-AA93-6BA2536C3BFC}"
EndProject
Project("{FAE04EC0-301F-11D3-BF4B-00C04F79EFBC}") = "DmsCore", "DmsCore\DmsCore.csproj", "{B1DE5C19-D04A-4AC3-A8F6-78E157DC5BC1}"
EndProject
Global
	GlobalSection(SolutionConfigurationPlatforms) = preSolution
		Debug|Any CPU = Debug|Any CPU
		Release|Any CPU = Release|Any CPU
	EndGlobalSection
	GlobalSection(ProjectConfigurationPlatforms) = postSolution
		{1F179ED3-2BC8-4370-AA93-6BA2536C3BFC}.Debug|Any CPU.ActiveCfg = Debug|Any CPU
		{1F179ED3-2BC8-4370-AA93-6BA2536C3BFC}.Debug|Any CPU.Build.0 = Debug|Any CPU
		{1F179ED3-2BC8-4370-AA93-6BA2536C3BFC}.Release|Any CPU.ActiveCfg = Release|Any CPU
		{1F179ED3-2BC8-4370-AA93-6BA2536C3BFC}.Release|Any CPU.Build.0 = Release|Any CPU
		{B1DE5C19-D04A-4AC3-A8F6-78E157DC5BC1}.Debug|Any CPU.ActiveCfg = Debug|Any CPU
		{B1DE5C19-D04A-4AC3-A8F6-78E157DC5BC1}.Debug|Any CPU.Build.0 = Debug|Any CPU
		{B1DE5C19-D04A-4AC3-A8F6-78E157DC5BC1}.Release|Any CPU.ActiveCfg = Release|Any CPU
		{B1DE5C19-D04A-4AC3-A8F6-78E157DC5BC1}.Release|Any CPU.Build.0 = Release|Any CPU
	EndGlobalSection
	GlobalSection(SolutionProperties) = preSolution
		HideSolutionNode = FALSE
	EndGlobalSection
EndGlobal
